
Microsoft Visual Studio Solution File, Format Version 12.00
Project("{FAE04EC0-301F-11D3-BF4B-00C04F79EFBC}") = "WordApp.Function", "WordApp.Function\src\WordApp.Function\WordApp.Function.csproj", "{ECAADB70-6C66-40DC-96D5-48BDF49A702E}"
EndProject
Project("{FAE04EC0-301F-11D3-BF4B-00C04F79EFBC}") = "WordApp.Domain", "WordApp.Domain\WordApp.Domain.csproj", "{AA57AB06-856D-4F4B-BB47-81FE8C311552}"
EndProject
Global
	GlobalSection(SolutionConfigurationPlatforms) = preSolution
		Debug|Any CPU = Debug|Any CPU
		Release|Any CPU = Release|Any CPU
	EndGlobalSection
	GlobalSection(ProjectConfigurationPlatforms) = postSolution
		{ECAADB70-6C66-40DC-96D5-48BDF49A702E}.Debug|Any CPU.ActiveCfg = Debug|Any CPU
		{ECAADB70-6C66-40DC-96D5-48BDF49A702E}.Debug|Any CPU.Build.0 = Debug|Any CPU
		{ECAADB70-6C66-40DC-96D5-48BDF49A702E}.Release|Any CPU.ActiveCfg = Release|Any CPU
		{ECAADB70-6C66-40DC-96D5-48BDF49A702E}.Release|Any CPU.Build.0 = Release|Any CPU
		{AA57AB06-856D-4F4B-BB47-81FE8C311552}.Debug|Any CPU.ActiveCfg = Debug|Any CPU
		{AA57AB06-856D-4F4B-BB47-81FE8C311552}.Debug|Any CPU.Build.0 = Debug|Any CPU
		{AA57AB06-856D-4F4B-BB47-81FE8C311552}.Release|Any CPU.ActiveCfg = Release|Any CPU
		{AA57AB06-856D-4F4B-BB47-81FE8C311552}.Release|Any CPU.Build.0 = Release|Any CPU
	EndGlobalSection
EndGlobal
